# THIS IS AN AUTOGENERATED FILE. DO NOT EDIT THIS FILE DIRECTLY.
# yarn lockfile v1


"@types/body-parser@*":
  version "1.17.1"
  resolved "https://registry.yarnpkg.com/@types/body-parser/-/body-parser-1.17.1.tgz#18fcf61768fb5c30ccc508c21d6fd2e8b3bf7897"
  integrity sha512-RoX2EZjMiFMjZh9lmYrwgoP9RTpAjSHiJxdp4oidAQVO02T7HER3xj9UKue5534ULWeqVEkujhWcyvUce+d68w==
  dependencies:
    "@types/connect" "*"
    "@types/node" "*"

"@types/connect@*":
  version "3.4.33"
  resolved "https://registry.yarnpkg.com/@types/connect/-/connect-3.4.33.tgz#31610c901eca573b8713c3330abc6e6b9f588546"
  integrity sha512-2+FrkXY4zllzTNfJth7jOqEHC+enpLeGslEhpnTAkg21GkRrWV4SsAtqchtT4YS9/nODBU2/ZfsBY2X4J/dX7A==
  dependencies:
    "@types/node" "*"

"@types/express-serve-static-core@*":
  version "4.17.1"
  resolved "https://registry.yarnpkg.com/@types/express-serve-static-core/-/express-serve-static-core-4.17.1.tgz#82be64a77211b205641e0209096fd3afb62481d3"
  integrity sha512-9e7jj549ZI+RxY21Cl0t8uBnWyb22HzILupyHZjYEVK//5TT/1bZodU+yUbLnPdoYViBBnNWbxp4zYjGV0zUGw==
  dependencies:
    "@types/node" "*"
    "@types/range-parser" "*"

"@types/express@^4.17.2":
  version "4.17.2"
  resolved "https://registry.yarnpkg.com/@types/express/-/express-4.17.2.tgz#a0fb7a23d8855bac31bc01d5a58cadd9b2173e6c"
  integrity sha512-5mHFNyavtLoJmnusB8OKJ5bshSzw+qkMIBAobLrIM48HJvunFva9mOa6aBwh64lBFyNwBbs0xiEFuj4eU/NjCA==
  dependencies:
    "@types/body-parser" "*"
    "@types/express-serve-static-core" "*"
    "@types/serve-static" "*"

"@types/ioredis@^4.14.3":
  version "4.14.3"
  resolved "https://registry.yarnpkg.com/@types/ioredis/-/ioredis-4.14.3.tgz#6a6089296d6fb90bbaee96d36b19d480efff026a"
  integrity sha512-WM9xJkP+ckvr8DFy2bFEPWEp7454L/4cBT11qhqPqyzdyZ+8DxUfkf/yo+rQGQJbld0agY2PI5Jb3xxC7KZs6g==
  dependencies:
    "@types/node" "*"

"@types/mime@*":
  version "2.0.1"
  resolved "https://registry.yarnpkg.com/@types/mime/-/mime-2.0.1.tgz#dc488842312a7f075149312905b5e3c0b054c79d"
  integrity sha512-FwI9gX75FgVBJ7ywgnq/P7tw+/o1GUbtP0KzbtusLigAOgIgNISRK0ZPl4qertvXSIE8YbsVJueQ90cDt9YYyw==

"@types/node@*":
  version "13.1.2"
  resolved "https://registry.yarnpkg.com/@types/node/-/node-13.1.2.tgz#fe94285bf5e0782e1a9e5a8c482b1c34465fa385"
  integrity sha512-B8emQA1qeKerqd1dmIsQYnXi+mmAzTB7flExjmy5X1aVAKFNNNDubkavwR13kR6JnpeLp3aLoJhwn9trWPAyFQ==

"@types/range-parser@*":
  version "1.2.3"
  resolved "https://registry.yarnpkg.com/@types/range-parser/-/range-parser-1.2.3.tgz#7ee330ba7caafb98090bece86a5ee44115904c2c"
  integrity sha512-ewFXqrQHlFsgc09MK5jP5iR7vumV/BYayNC6PgJO2LPe8vrnNFyjQjSppfEngITi0qvfKtzFvgKymGheFM9UOA==

"@types/serve-static@*":
  version "1.13.3"
  resolved "https://registry.yarnpkg.com/@types/serve-static/-/serve-static-1.13.3.tgz#eb7e1c41c4468272557e897e9171ded5e2ded9d1"
  integrity sha512-oprSwp094zOglVrXdlo/4bAHtKTAxX6VT8FOZlBKrmyLbNvE1zxZyJ6yikMVtHIvwP45+ZQGJn+FdXGKTozq0g==
  dependencies:
    "@types/express-serve-static-core" "*"
    "@types/mime" "*"
